
Microsoft Visual Studio Solution File, Format Version 12.00
# Visual Studio Version 16
VisualStudioVersion = 16.0.30907.101
MinimumVisualStudioVersion = 10.0.40219.1
Project("{9A19103F-16F7-4668-BE54-9A1E7A4F7556}") = "BlazorDemo", "BlazorDemo.csproj", "{05E0D13C-D1D3-4C21-80D5-1DCD645552F4}"
EndProject
Project("{9A19103F-16F7-4668-BE54-9A1E7A4F7556}") = "RazorClassLibrary", "..\RazorClassLibrary\RazorClassLibrary.csproj", "{39822D0C-C195-46E7-B40F-75DA4DB2305E}"
EndProject
Global
	GlobalSection(SolutionConfigurationPlatforms) = preSolution
		Debug|Any CPU = Debug|Any CPU
		Release|Any CPU = Release|Any CPU
	EndGlobalSection
	GlobalSection(ProjectConfigurationPlatforms) = postSolution
		{05E0D13C-D1D3-4C21-80D5-1DCD645552F4}.Debug|Any CPU.ActiveCfg = Debug|Any CPU
		{05E0D13C-D1D3-4C21-80D5-1DCD645552F4}.Debug|Any CPU.Build.0 = Debug|Any CPU
		{05E0D13C-D1D3-4C21-80D5-1DCD645552F4}.Release|Any CPU.ActiveCfg = Release|Any CPU
		{05E0D13C-D1D3-4C21-80D5-1DCD645552F4}.Release|Any CPU.Build.0 = Release|Any CPU
		{39822D0C-C195-46E7-B40F-75DA4DB2305E}.Debug|Any CPU.ActiveCfg = Debug|Any CPU
		{39822D0C-C195-46E7-B40F-75DA4DB2305E}.Debug|Any CPU.Build.0 = Debug|Any CPU
		{39822D0C-C195-46E7-B40F-75DA4DB2305E}.Release|Any CPU.ActiveCfg = Release|Any CPU
		{39822D0C-C195-46E7-B40F-75DA4DB2305E}.Release|Any CPU.Build.0 = Release|Any CPU
	EndGlobalSection
	GlobalSection(SolutionProperties) = preSolution
		HideSolutionNode = FALSE
	EndGlobalSection
	GlobalSection(ExtensibilityGlobals) = postSolution
		SolutionGuid = {CF7FB3D9-247B-4CE3-BF35-838492256F28}
	EndGlobalSection
EndGlobal
